
Microsoft Visual Studio Solution File, Format Version 12.00
# Visual Studio Version 17
VisualStudioVersion = 17.7.34221.43
MinimumVisualStudioVersion = 10.0.40219.1
Project("{9A19103F-16F7-4668-BE54-9A1E7A4F7556}") = "UI-Ragor-Pages", "UI-Ragor-Pages.csproj", "{940694A7-A1D2-4833-B556-2AD62D2BA35D}"
EndProject
Global
	GlobalSection(SolutionConfigurationPlatforms) = preSolution
		Debug|Any CPU = Debug|Any CPU
		Release|Any CPU = Release|Any CPU
	EndGlobalSection
	GlobalSection(ProjectConfigurationPlatforms) = postSolution
		{940694A7-A1D2-4833-B556-2AD62D2BA35D}.Debug|Any CPU.ActiveCfg = Debug|Any CPU
		{940694A7-A1D2-4833-B556-2AD62D2BA35D}.Debug|Any CPU.Build.0 = Debug|Any CPU
		{940694A7-A1D2-4833-B556-2AD62D2BA35D}.Release|Any CPU.ActiveCfg = Release|Any CPU
		{940694A7-A1D2-4833-B556-2AD62D2BA35D}.Release|Any CPU.Build.0 = Release|Any CPU
	EndGlobalSection
	GlobalSection(SolutionProperties) = preSolution
		HideSolutionNode = FALSE
	EndGlobalSection
	GlobalSection(ExtensibilityGlobals) = postSolution
		SolutionGuid = {2A390C46-E6CF-4DBA-A916-F372D8C5F90B}
	EndGlobalSection
EndGlobal
